
Microsoft Visual Studio Solution File, Format Version 12.00
Project("{FAE04EC0-301F-11D3-BF4B-00C04F79EFBC}") = "Square", "Square\Square.csproj", "{8969F196-6B4C-4AD1-812F-FEDEC7F49344}"
EndProject
Project("{FAE04EC0-301F-11D3-BF4B-00C04F79EFBC}") = "Square.Tests", "Square.Tests\Square.Tests.csproj", "{F9BF03F1-D6E8-48BB-9A91-3F2F3B8D4366}"
EndProject
Global
	GlobalSection(SolutionConfigurationPlatforms) = preSolution
		Debug|Any CPU = Debug|Any CPU
		Release|Any CPU = Release|Any CPU
	EndGlobalSection
	GlobalSection(ProjectConfigurationPlatforms) = postSolution
		{8969F196-6B4C-4AD1-812F-FEDEC7F49344}.Debug|Any CPU.ActiveCfg = Debug|Any CPU
		{8969F196-6B4C-4AD1-812F-FEDEC7F49344}.Debug|Any CPU.Build.0 = Debug|Any CPU
		{8969F196-6B4C-4AD1-812F-FEDEC7F49344}.Release|Any CPU.ActiveCfg = Release|Any CPU
		{8969F196-6B4C-4AD1-812F-FEDEC7F49344}.Release|Any CPU.Build.0 = Release|Any CPU
		{F9BF03F1-D6E8-48BB-9A91-3F2F3B8D4366}.Debug|Any CPU.ActiveCfg = Debug|Any CPU
		{F9BF03F1-D6E8-48BB-9A91-3F2F3B8D4366}.Debug|Any CPU.Build.0 = Debug|Any CPU
		{F9BF03F1-D6E8-48BB-9A91-3F2F3B8D4366}.Release|Any CPU.ActiveCfg = Release|Any CPU
		{F9BF03F1-D6E8-48BB-9A91-3F2F3B8D4366}.Release|Any CPU.Build.0 = Release|Any CPU
	EndGlobalSection
EndGlobal
